{
  "name": "matthews_web",
  "lockfileVersion": 3,
  "requires": true,
  "packages": {
    "": {
      "devDependencies": {
        "@11ty/eleventy-navigation": "^0.3.5"
      }
    },
    "node_modules/@11ty/eleventy-navigation": {
      "version": "0.3.5",
      "resolved": "https://registry.npmjs.org/@11ty/eleventy-navigation/-/eleventy-navigation-0.3.5.tgz",
      "integrity": "sha512-4aKW5aIQDFed8xs1G1pWcEiFPcDSwZtA4IH1eERtoJ+Xy+/fsoe0pzbDmw84bHZ9ACny5jblENhfZhcCxklqQw==",
      "dev": true,
      "dependencies": {
        "dependency-graph": "^0.11.0"
      },
      "funding": {
        "type": "opencollective",
        "url": "https://opencollective.com/11ty"
      }
    },
    "node_modules/dependency-graph": {
      "version": "0.11.0",
      "resolved": "https://registry.npmjs.org/dependency-graph/-/dependency-graph-0.11.0.tgz",
      "integrity": "sha512-JeMq7fEshyepOWDfcfHK06N3MhyPhz++vtqWhMT5O9A3K42rdsEDpfdVqjaqaAhsw6a+ZqeDvQVtD0hFHQWrzg==",
      "dev": true,
      "engines": {
        "node": ">= 0.6.0"
      }
    }
  }
}
